// !$*UTF8*$!
{
	archiveVersion = 1;
	classes = {
	};
	objectVersion = 46;
	objects = {

/* Begin PBXBuildFile section */
		1C6C1ADB1E7C6ED8009516F8 /* main.m in Sources */ = {isa = PBXBuildFile; fileRef = 1C6C1ADA1E7C6ED8009516F8 /* main.m */; };
		1C6C1ADE1E7C6ED8009516F8 /* AppDelegate.m in Sources */ = {isa = PBXBuildFile; fileRef = 1C6C1ADD1E7C6ED8009516F8 /* AppDelegate.m */; };
		1C6C1AE11E7C6ED8009516F8 /* ViewController.m in Sources */ = {isa = PBXBuildFile; fileRef = 1C6C1AE01E7C6ED8009516F8 /* ViewController.m */; };
		1C6C1AE41E7C6ED8009516F8 /* Main.storyboard in Resources */ = {isa = PBXBuildFile; fileRef = 1C6C1AE21E7C6ED8009516F8 /* Main.storyboard */; };
		1C6C1AE61E7C6ED8009516F8 /* Assets.xcassets in Resources */ = {isa = PBXBuildFile; fileRef = 1C6C1AE51E7C6ED8009516F8 /* Assets.xcassets */; };
		1C6C1AE91E7C6ED8009516F8 /* LaunchScreen.storyboard in Resources */ = {isa = PBXBuildFile; fileRef = 1C6C1AE71E7C6ED8009516F8 /* LaunchScreen.storyboard */; };
		1C6C1AF21E7C6F25009516F8 /* Card.m in Sources */ = {isa = PBXBuildFile; fileRef = 1C6C1AF11E7C6F25009516F8 /* Card.m */; };
		1C6C1AF61E7D2A4F009516F8 /* Deck.m in Sources */ = {isa = PBXBuildFile; fileRef = 1C6C1AF51E7D2A4F009516F8 /* Deck.m */; };
		1C6C1AF91E7D48AF009516F8 /* PlayingCard.m in Sources */ = {isa = PBXBuildFile; fileRef = 1C6C1AF81E7D48AF009516F8 /* PlayingCard.m */; };
		1C6C1AFC1E7F14BB009516F8 /* PlayingCardDeck.m in Sources */ = {isa = PBXBuildFile; fileRef = 1C6C1AFB1E7F14BB009516F8 /* PlayingCardDeck.m */; };
/* End PBXBuildFile section */

/* Begin PBXFileReference section */
		1C6C1AD61E7C6ED8009516F8 /* CS193_1.app */ = {isa = PBXFileReference; explicitFileType = wrapper.application; includeInIndex = 0; path = CS193_1.app; sourceTree = BUILT_PRODUCTS_DIR; };
		1C6C1ADA1E7C6ED8009516F8 /* main.m */ = {isa = PBXFileReference; lastKnownFileType = sourcecode.c.objc; path = main.m; sourceTree = "<group>"; };
		1C6C1ADC1E7C6ED8009516F8 /* AppDelegate.h */ = {isa = PBXFileReference; lastKnownFileType = sourcecode.c.h; path = AppDelegate.h; sourceTree = "<group>"; };
		1C6C1ADD1E7C6ED8009516F8 /* AppDelegate.m */ = {isa = PBXFileReference; lastKnownFileType = sourcecode.c.objc; path = AppDelegate.m; sourceTree = "<group>"; };
		1C6C1ADF1E7C6ED8009516F8 /* ViewController.h */ = {isa = PBXFileReference; lastKnownFileType = sourcecode.c.h; path = ViewController.h; sourceTree = "<group>"; };
		1C6C1AE01E7C6ED8009516F8 /* ViewController.m */ = {isa = PBXFileReference; lastKnownFileType = sourcecode.c.objc; path = ViewController.m; sourceTree = "<group>"; };
		1C6C1AE31E7C6ED8009516F8 /* Base */ = {isa = PBXFileReference; lastKnownFileType = file.storyboard; name = Base; path = Base.lproj/Main.storyboard; sourceTree = "<group>"; };
		1C6C1AE51E7C6ED8009516F8 /* Assets.xcassets */ = {isa = PBXFileReference; lastKnownFileType = folder.assetcatalog; path = Assets.xcassets; sourceTree = "<group>"; };
		1C6C1AE81E7C6ED8009516F8 /* Base */ = {isa = PBXFileReference; lastKnownFileType = file.storyboard; name = Base; path = Base.lproj/LaunchScreen.storyboard; sourceTree = "<group>"; };
		1C6C1AEA1E7C6ED8009516F8 /* Info.plist */ = {isa = PBXFileReference; lastKnownFileType = text.plist.xml; path = Info.plist; sourceTree = "<group>"; };
		1C6C1AF01E7C6F25009516F8 /* Card.h */ = {isa = PBXFileReference; fileEncoding = 4; lastKnownFileType = sourcecode.c.h; path = Card.h; sourceTree = "<group>"; };
		1C6C1AF11E7C6F25009516F8 /* Card.m */ = {isa = PBXFileReference; fileEncoding = 4; lastKnownFileType = sourcecode.c.objc; path = Card.m; sourceTree = "<group>"; };
		1C6C1AF41E7D2A4F009516F8 /* Deck.h */ = {isa = PBXFileReference; fileEncoding = 4; lastKnownFileType = sourcecode.c.h; path = Deck.h; sourceTree = "<group>"; };
		1C6C1AF51E7D2A4F009516F8 /* Deck.m */ = {isa = PBXFileReference; fileEncoding = 4; lastKnownFileType = sourcecode.c.objc; path = Deck.m; sourceTree = "<group>"; };
		1C6C1AF71E7D48AF009516F8 /* PlayingCard.h */ = {isa = PBXFileReference; fileEncoding = 4; lastKnownFileType = sourcecode.c.h; path = PlayingCard.h; sourceTree = "<group>"; };
		1C6C1AF81E7D48AF009516F8 /* PlayingCard.m */ = {isa = PBXFileReference; fileEncoding = 4; lastKnownFileType = sourcecode.c.objc; path = PlayingCard.m; sourceTree = "<group>"; };
		1C6C1AFA1E7F14BB009516F8 /* PlayingCardDeck.h */ = {isa = PBXFileReference; fileEncoding = 4; lastKnownFileType = sourcecode.c.h; path = PlayingCardDeck.h; sourceTree = "<group>"; };
		1C6C1AFB1E7F14BB009516F8 /* PlayingCardDeck.m */ = {isa = PBXFileReference; fileEncoding = 4; lastKnownFileType = sourcecode.c.objc; path = PlayingCardDeck.m; sourceTree = "<group>"; };
/* End PBXFileReference section */

/* Begin PBXFrameworksBuildPhase section */
		1C6C1AD31E7C6ED8009516F8 /* Frameworks */ = {
			isa = PBXFrameworksBuildPhase;
			buildActionMask = 2147483647;
			files = (
			);
			runOnlyForDeploymentPostprocessing = 0;
		};
/* End PBXFrameworksBuildPhase section */

/* Begin PBXGroup section */
		1C6C1ACD1E7C6ED8009516F8 = {
			isa = PBXGroup;
			children = (
				1C6C1AF31E7C6F29009516F8 /* Model */,
				1C6C1AD81E7C6ED8009516F8 /* CS193_1 */,
				1C6C1AD71E7C6ED8009516F8 /* Products */,
			);
			sourceTree = "<group>";
		};
		1C6C1AD71E7C6ED8009516F8 /* Products */ = {
			isa = PBXGroup;
			children = (
				1C6C1AD61E7C6ED8009516F8 /* CS193_1.app */,
			);
			name = Products;
			sourceTree = "<group>";
		};
		1C6C1AD81E7C6ED8009516F8 /* CS193_1 */ = {
			isa = PBXGroup;
			children = (
				1C6C1ADC1E7C6ED8009516F8 /* AppDelegate.h */,
				1C6C1ADD1E7C6ED8009516F8 /* AppDelegate.m */,
				1C6C1ADF1E7C6ED8009516F8 /* ViewController.h */,
				1C6C1AE01E7C6ED8009516F8 /* ViewController.m */,
				1C6C1AE21E7C6ED8009516F8 /* Main.storyboard */,
				1C6C1AE51E7C6ED8009516F8 /* Assets.xcassets */,
				1C6C1AE71E7C6ED8009516F8 /* LaunchScreen.storyboard */,
				1C6C1AEA1E7C6ED8009516F8 /* Info.plist */,
				1C6C1AD91E7C6ED8009516F8 /* Supporting Files */,
			);
			path = CS193_1;
			sourceTree = "<group>";
		};
		1C6C1AD91E7C6ED8009516F8 /* Supporting Files */ = {
			isa = PBXGroup;
			children = (
				1C6C1ADA1E7C6ED8009516F8 /* main.m */,
			);
			name = "Supporting Files";
			sourceTree = "<group>";
		};
		1C6C1AF31E7C6F29009516F8 /* Model */ = {
			isa = PBXGroup;
			children = (
				1C6C1AF01E7C6F25009516F8 /* Card.h */,
				1C6C1AF11E7C6F25009516F8 /* Card.m */,
				1C6C1AF41E7D2A4F009516F8 /* Deck.h */,
				1C6C1AF51E7D2A4F009516F8 /* Deck.m */,
				1C6C1AF71E7D48AF009516F8 /* PlayingCard.h */,
				1C6C1AF81E7D48AF009516F8 /* PlayingCard.m */,
				1C6C1AFA1E7F14BB009516F8 /* PlayingCardDeck.h */,
				1C6C1AFB1E7F14BB009516F8 /* PlayingCardDeck.m */,
			);
			name = Model;
			sourceTree = "<group>";
		};
/* End PBXGroup section */

/* Begin PBXNativeTarget section */
		1C6C1AD51E7C6ED8009516F8 /* CS193_1 */ = {
			isa = PBXNativeTarget;
			buildConfigurationList = 1C6C1AED1E7C6ED8009516F8 /* Build configuration list for PBXNativeTarget "CS193_1" */;
			buildPhases = (
				1C6C1AD21E7C6ED8009516F8 /* Sources */,
				1C6C1AD31E7C6ED8009516F8 /* Frameworks */,
				1C6C1AD41E7C6ED8009516F8 /* Resources */,
			);
			buildRules = (
			);
			dependencies = (
			);
			name = CS193_1;
			productName = CS193_1;
			productReference = 1C6C1AD61E7C6ED8009516F8 /* CS193_1.app */;
			productType = "com.apple.product-type.application";
		};
/* End PBXNativeTarget section */

/* Begin PBXProject section */
		1C6C1ACE1E7C6ED8009516F8 /* Project object */ = {
			isa = PBXProject;
			attributes = {
				LastUpgradeCheck = 0810;
				ORGANIZATIONNAME = "Dz Hg";
				TargetAttributes = {
					1C6C1AD51E7C6ED8009516F8 = {
						CreatedOnToolsVersion = 8.1;
						ProvisioningStyle = Automatic;
					};
				};
			};
			buildConfigurationList = 1C6C1AD11E7C6ED8009516F8 /* Build configuration list for PBXProject "CS193_1" */;
			compatibilityVersion = "Xcode 3.2";
			developmentRegion = English;
			hasScannedForEncodings = 0;
			knownRegions = (
				en,
				Base,
			);
			mainGroup = 1C6C1ACD1E7C6ED8009516F8;
			productRefGroup = 1C6C1AD71E7C6ED8009516F8 /* Products */;
			projectDirPath = "";
			projectRoot = "";
			targets = (
				1C6C1AD51E7C6ED8009516F8 /* CS193_1 */,
			);
		};
/* End PBXProject section */

/* Begin PBXResourcesBuildPhase section */
		1C6C1AD41E7C6ED8009516F8 /* Resources */ = {
			isa = PBXResourcesBuildPhase;
			buildActionMask = 2147483647;
			files = (
				1C6C1AE91E7C6ED8009516F8 /* LaunchScreen.storyboard in Resources */,
				1C6C1AE61E7C6ED8009516F8 /* Assets.xcassets in Resources */,
				1C6C1AE41E7C6ED8009516F8 /* Main.storyboard in Resources */,
			);
			runOnlyForDeploymentPostprocessing = 0;
		};
/* End PBXResourcesBuildPhase section */

/* Begin PBXSourcesBuildPhase section */
		1C6C1AD21E7C6ED8009516F8 /* Sources */ = {
			isa = PBXSourcesBuildPhase;
			buildActionMask = 2147483647;
			files = (
				1C6C1AF91E7D48AF009516F8 /* PlayingCard.m in Sources */,
				1C6C1AF61E7D2A4F009516F8 /* Deck.m in Sources */,
				1C6C1AE11E7C6ED8009516F8 /* ViewController.m in Sources */,
				1C6C1ADE1E7C6ED8009516F8 /* AppDelegate.m in Sources */,
				1C6C1AFC1E7F14BB009516F8 /* PlayingCardDeck.m in Sources */,
				1C6C1ADB1E7C6ED8009516F8 /* main.m in Sources */,
				1C6C1AF21E7C6F25009516F8 /* Card.m in Sources */,
			);
			runOnlyForDeploymentPostprocessing = 0;
		};
/* End PBXSourcesBuildPhase section */

/* Begin PBXVariantGroup section */
		1C6C1AE21E7C6ED8009516F8 /* Main.storyboard */ = {
			isa = PBXVariantGroup;
			children = (
				1C6C1AE31E7C6ED8009516F8 /* Base */,
			);
			name = Main.storyboard;
			sourceTree = "<group>";
		};
		1C6C1AE71E7C6ED8009516F8 /* LaunchScreen.storyboard */ = {
			isa = PBXVariantGroup;
			children = (
				1C6C1AE81E7C6ED8009516F8 /* Base */,
			);
			name = LaunchScreen.storyboard;
			sourceTree = "<group>";
		};
/* End PBXVariantGroup section */

/* Begin XCBuildConfiguration section */
		1C6C1AEB1E7C6ED8009516F8 /* Debug */ = {
			isa = XCBuildConfiguration;
			buildSettings = {
				ALWAYS_SEARCH_USER_PATHS = NO;
				CLANG_ANALYZER_NONNULL = YES;
				CLANG_CXX_LANGUAGE_STANDARD = "gnu++0x";
				CLANG_CXX_LIBRARY = "libc++";
				CLANG_ENABLE_MODULES = YES;
				CLANG_ENABLE_OBJC_ARC = YES;
				CLANG_WARN_BOOL_CONVERSION = YES;
				CLANG_WARN_CONSTANT_CONVERSION = YES;
				CLANG_WARN_DIRECT_OBJC_ISA_USAGE = YES_ERROR;
				CLANG_WARN_DOCUMENTATION_COMMENTS = YES;
				CLANG_WARN_EMPTY_BODY = YES;
				CLANG_WARN_ENUM_CONVERSION = YES;
				CLANG_WARN_INFINITE_RECURSION = YES;
				CLANG_WARN_INT_CONVERSION = YES;
				CLANG_WARN_OBJC_ROOT_CLASS = YES_ERROR;
				CLANG_WARN_SUSPICIOUS_MOVES = YES;
				CLANG_WARN_UNREACHABLE_CODE = YES;
				CLANG_WARN__DUPLICATE_METHOD_MATCH = YES;
				"CODE_SIGN_IDENTITY[sdk=iphoneos*]" = "iPhone Developer";
				COPY_PHASE_STRIP = NO;
				DEBUG_INFORMATION_FORMAT = dwarf;
				ENABLE_STRICT_OBJC_MSGSEND = YES;
				ENABLE_TESTABILITY = YES;
				GCC_C_LANGUAGE_STANDARD = gnu99;
				GCC_DYNAMIC_NO_PIC = NO;
				GCC_NO_COMMON_BLOCKS = YES;
				GCC_OPTIMIZATION_LEVEL = 0;
				GCC_PREPROCESSOR_DEFINITIONS = (
					"DEBUG=1",
					"$(inherited)",
				);
				GCC_WARN_64_TO_32_BIT_CONVERSION = YES;
				GCC_WARN_ABOUT_RETURN_TYPE = YES_ERROR;
				GCC_WARN_UNDECLARED_SELECTOR = YES;
				GCC_WARN_UNINITIALIZED_AUTOS = YES_AGGRESSIVE;
				GCC_WARN_UNUSED_FUNCTION = YES;
				GCC_WARN_UNUSED_VARIABLE = YES;
				IPHONEOS_DEPLOYMENT_TARGET = 10.1;
				MTL_ENABLE_DEBUG_INFO = YES;
				ONLY_ACTIVE_ARCH = YES;
				SDKROOT = iphoneos;
			};
			name = Debug;
		};
		1C6C1AEC1E7C6ED8009516F8 /* Release */ = {
			isa = XCBuildConfiguration;
			buildSettings = {
				ALWAYS_SEARCH_USER_PATHS = NO;
				CLANG_ANALYZER_NONNULL = YES;
				CLANG_CXX_LANGUAGE_STANDARD = "gnu++0x";
				CLANG_CXX_LIBRARY = "libc++";
				CLANG_ENABLE_MODULES = YES;
				CLANG_ENABLE_OBJC_ARC = YES;
				CLANG_WARN_BOOL_CONVERSION = YES;
				CLANG_WARN_CONSTANT_CONVERSION = YES;
				CLANG_WARN_DIRECT_OBJC_ISA_USAGE = YES_ERROR;
				CLANG_WARN_DOCUMENTATION_COMMENTS = YES;
				CLANG_WARN_EMPTY_BODY = YES;
				CLANG_WARN_ENUM_CONVERSION = YES;
				CLANG_WARN_INFINITE_RECURSION = YES;
				CLANG_WARN_INT_CONVERSION = YES;
				CLANG_WARN_OBJC_ROOT_CLASS = YES_ERROR;
				CLANG_WARN_SUSPICIOUS_MOVES = YES;
				CLANG_WARN_UNREACHABLE_CODE = YES;
				CLANG_WARN__DUPLICATE_METHOD_MATCH = YES;
				"CODE_SIGN_IDENTITY[sdk=iphoneos*]" = "iPhone Developer";
				COPY_PHASE_STRIP = NO;
				DEBUG_INFORMATION_FORMAT = "dwarf-with-dsym";
				ENABLE_NS_ASSERTIONS = NO;
				ENABLE_STRICT_OBJC_MSGSEND = YES;
				GCC_C_LANGUAGE_STANDARD = gnu99;
				GCC_NO_COMMON_BLOCKS = YES;
				GCC_WARN_64_TO_32_BIT_CONVERSION = YES;
				GCC_WARN_ABOUT_RETURN_TYPE = YES_ERROR;
				GCC_WARN_UNDECLARED_SELECTOR = YES;
				GCC_WARN_UNINITIALIZED_AUTOS = YES_AGGRESSIVE;
				GCC_WARN_UNUSED_FUNCTION = YES;
				GCC_WARN_UNUSED_VARIABLE = YES;
				IPHONEOS_DEPLOYMENT_TARGET = 10.1;
				MTL_ENABLE_DEBUG_INFO = NO;
				SDKROOT = iphoneos;
				VALIDATE_PRODUCT = YES;
			};
			name = Release;
		};
		1C6C1AEE1E7C6ED8009516F8 /* Debug */ = {
			isa = XCBuildConfiguration;
			buildSettings = {
				ASSETCATALOG_COMPILER_APPICON_NAME = AppIcon;
				INFOPLIST_FILE = CS193_1/Info.plist;
				LD_RUNPATH_SEARCH_PATHS = "$(inherited) @executable_path/Frameworks";
				PRODUCT_BUNDLE_IDENTIFIER = "no.CS193-1";
				PRODUCT_NAME = "$(TARGET_NAME)";
			};
			name = Debug;
		};
		1C6C1AEF1E7C6ED8009516F8 /* Release */ = {
			isa = XCBuildConfiguration;
			buildSettings = {
				ASSETCATALOG_COMPILER_APPICON_NAME = AppIcon;
				INFOPLIST_FILE = CS193_1/Info.plist;
				LD_RUNPATH_SEARCH_PATHS = "$(inherited) @executable_path/Frameworks";
				PRODUCT_BUNDLE_IDENTIFIER = "no.CS193-1";
				PRODUCT_NAME = "$(TARGET_NAME)";
			};
			name = Release;
		};
/* End XCBuildConfiguration section */

/* Begin XCConfigurationList section */
		1C6C1AD11E7C6ED8009516F8 /* Build configuration list for PBXProject "CS193_1" */ = {
			isa = XCConfigurationList;
			buildConfigurations = (
				1C6C1AEB1E7C6ED8009516F8 /* Debug */,
				1C6C1AEC1E7C6ED8009516F8 /* Release */,
			);
			defaultConfigurationIsVisible = 0;
			defaultConfigurationName = Release;
		};
		1C6C1AED1E7C6ED8009516F8 /* Build configuration list for PBXNativeTarget "CS193_1" */ = {
			isa = XCConfigurationList;
			buildConfigurations = (
				1C6C1AEE1E7C6ED8009516F8 /* Debug */,
				1C6C1AEF1E7C6ED8009516F8 /* Release */,
			);
			defaultConfigurationIsVisible = 0;
		};
/* End XCConfigurationList section */
	};
	rootObject = 1C6C1ACE1E7C6ED8009516F8 /* Project object */;
}
